
Microsoft Visual Studio Solution File, Format Version 12.00
# Visual Studio 15
VisualStudioVersion = 15.0.28307.421
MinimumVisualStudioVersion = 10.0.40219.1
Project("{8BC9CEB8-8B4A-11D0-8D11-00A0C91BC942}") = "RichTree", "RichTree\RichTree.vcxproj", "{5B772B27-88F1-4510-AB9F-F316C44936CA}"
EndProject
Global
	GlobalSection(SolutionConfigurationPlatforms) = preSolution
		Debug|x64 = Debug|x64
		Debug|x86 = Debug|x86
		Release|x64 = Release|x64
		Release|x86 = Release|x86
	EndGlobalSection
	GlobalSection(ProjectConfigurationPlatforms) = postSolution
		{5B772B27-88F1-4510-AB9F-F316C44936CA}.Debug|x64.ActiveCfg = Debug|x64
		{5B772B27-88F1-4510-AB9F-F316C44936CA}.Debug|x64.Build.0 = Debug|x64
		{5B772B27-88F1-4510-AB9F-F316C44936CA}.Debug|x86.ActiveCfg = Debug|Win32
		{5B772B27-88F1-4510-AB9F-F316C44936CA}.Debug|x86.Build.0 = Debug|Win32
		{5B772B27-88F1-4510-AB9F-F316C44936CA}.Release|x64.ActiveCfg = Release|x64
		{5B772B27-88F1-4510-AB9F-F316C44936CA}.Release|x64.Build.0 = Release|x64
		{5B772B27-88F1-4510-AB9F-F316C44936CA}.Release|x86.ActiveCfg = Release|Win32
		{5B772B27-88F1-4510-AB9F-F316C44936CA}.Release|x86.Build.0 = Release|Win32
	EndGlobalSection
	GlobalSection(SolutionProperties) = preSolution
		HideSolutionNode = FALSE
	EndGlobalSection
	GlobalSection(ExtensibilityGlobals) = postSolution
		SolutionGuid = {D7C0C69A-327D-415D-BD12-4A5A34BD3B1F}
	EndGlobalSection
EndGlobal
