
Microsoft Visual Studio Solution File, Format Version 12.00
# Visual Studio 15
VisualStudioVersion = 15.0.28307.421
MinimumVisualStudioVersion = 10.0.40219.1
Project("{8BC9CEB8-8B4A-11D0-8D11-00A0C91BC942}") = "Rotate", "Rotate\Rotate.vcxproj", "{BDB3A21E-02AD-42C6-AD67-E18D6D93E32F}"
EndProject
Global
	GlobalSection(SolutionConfigurationPlatforms) = preSolution
		Debug|x64 = Debug|x64
		Debug|x86 = Debug|x86
		Release|x64 = Release|x64
		Release|x86 = Release|x86
	EndGlobalSection
	GlobalSection(ProjectConfigurationPlatforms) = postSolution
		{BDB3A21E-02AD-42C6-AD67-E18D6D93E32F}.Debug|x64.ActiveCfg = Debug|x64
		{BDB3A21E-02AD-42C6-AD67-E18D6D93E32F}.Debug|x64.Build.0 = Debug|x64
		{BDB3A21E-02AD-42C6-AD67-E18D6D93E32F}.Debug|x86.ActiveCfg = Debug|Win32
		{BDB3A21E-02AD-42C6-AD67-E18D6D93E32F}.Debug|x86.Build.0 = Debug|Win32
		{BDB3A21E-02AD-42C6-AD67-E18D6D93E32F}.Release|x64.ActiveCfg = Release|x64
		{BDB3A21E-02AD-42C6-AD67-E18D6D93E32F}.Release|x64.Build.0 = Release|x64
		{BDB3A21E-02AD-42C6-AD67-E18D6D93E32F}.Release|x86.ActiveCfg = Release|Win32
		{BDB3A21E-02AD-42C6-AD67-E18D6D93E32F}.Release|x86.Build.0 = Release|Win32
	EndGlobalSection
	GlobalSection(SolutionProperties) = preSolution
		HideSolutionNode = FALSE
	EndGlobalSection
	GlobalSection(ExtensibilityGlobals) = postSolution
		SolutionGuid = {161B2B05-D99F-45AB-8337-C38442105F89}
	EndGlobalSection
EndGlobal
