
Microsoft Visual Studio Solution File, Format Version 12.00
# Visual Studio 15
VisualStudioVersion = 15.0.27703.2000
MinimumVisualStudioVersion = 10.0.40219.1
Project("{8BC9CEB8-8B4A-11D0-8D11-00A0C91BC942}") = "Worker", "Worker\Worker.vcxproj", "{F142F0F8-7D0A-404B-B7A3-5B8BF02C3349}"
EndProject
Global
	GlobalSection(SolutionConfigurationPlatforms) = preSolution
		Debug|x64 = Debug|x64
		Debug|x86 = Debug|x86
		Release|x64 = Release|x64
		Release|x86 = Release|x86
	EndGlobalSection
	GlobalSection(ProjectConfigurationPlatforms) = postSolution
		{F142F0F8-7D0A-404B-B7A3-5B8BF02C3349}.Debug|x64.ActiveCfg = Debug|x64
		{F142F0F8-7D0A-404B-B7A3-5B8BF02C3349}.Debug|x64.Build.0 = Debug|x64
		{F142F0F8-7D0A-404B-B7A3-5B8BF02C3349}.Debug|x86.ActiveCfg = Debug|Win32
		{F142F0F8-7D0A-404B-B7A3-5B8BF02C3349}.Debug|x86.Build.0 = Debug|Win32
		{F142F0F8-7D0A-404B-B7A3-5B8BF02C3349}.Release|x64.ActiveCfg = Release|x64
		{F142F0F8-7D0A-404B-B7A3-5B8BF02C3349}.Release|x64.Build.0 = Release|x64
		{F142F0F8-7D0A-404B-B7A3-5B8BF02C3349}.Release|x86.ActiveCfg = Release|Win32
		{F142F0F8-7D0A-404B-B7A3-5B8BF02C3349}.Release|x86.Build.0 = Release|Win32
	EndGlobalSection
	GlobalSection(SolutionProperties) = preSolution
		HideSolutionNode = FALSE
	EndGlobalSection
	GlobalSection(ExtensibilityGlobals) = postSolution
		SolutionGuid = {755071A7-E716-482D-AA38-2BC246C96A38}
	EndGlobalSection
EndGlobal
