
Microsoft Visual Studio Solution File, Format Version 12.00
# Visual Studio 15
VisualStudioVersion = 15.0.28307.421
MinimumVisualStudioVersion = 10.0.40219.1
Project("{8BC9CEB8-8B4A-11D0-8D11-00A0C91BC942}") = "MyExplorer", "MyExplorer\MyExplorer.vcxproj", "{015284B4-4C3E-4AA6-9B9F-E453C2C1C862}"
EndProject
Global
	GlobalSection(SolutionConfigurationPlatforms) = preSolution
		Debug|x64 = Debug|x64
		Debug|x86 = Debug|x86
		Release|x64 = Release|x64
		Release|x86 = Release|x86
	EndGlobalSection
	GlobalSection(ProjectConfigurationPlatforms) = postSolution
		{015284B4-4C3E-4AA6-9B9F-E453C2C1C862}.Debug|x64.ActiveCfg = Debug|x64
		{015284B4-4C3E-4AA6-9B9F-E453C2C1C862}.Debug|x64.Build.0 = Debug|x64
		{015284B4-4C3E-4AA6-9B9F-E453C2C1C862}.Debug|x86.ActiveCfg = Debug|Win32
		{015284B4-4C3E-4AA6-9B9F-E453C2C1C862}.Debug|x86.Build.0 = Debug|Win32
		{015284B4-4C3E-4AA6-9B9F-E453C2C1C862}.Release|x64.ActiveCfg = Release|x64
		{015284B4-4C3E-4AA6-9B9F-E453C2C1C862}.Release|x64.Build.0 = Release|x64
		{015284B4-4C3E-4AA6-9B9F-E453C2C1C862}.Release|x86.ActiveCfg = Release|Win32
		{015284B4-4C3E-4AA6-9B9F-E453C2C1C862}.Release|x86.Build.0 = Release|Win32
	EndGlobalSection
	GlobalSection(SolutionProperties) = preSolution
		HideSolutionNode = FALSE
	EndGlobalSection
	GlobalSection(ExtensibilityGlobals) = postSolution
		SolutionGuid = {2F7166B8-8078-485D-9B73-09CCD9A7DB9F}
	EndGlobalSection
EndGlobal
